schema: '2.0'
stages:
  train_mlp:
    cmd: PYTHONPATH=. python ddpm.py --config configs/mlp.json
    deps:
    - path: configs/mlp.json
      hash: md5
      md5: e0b1ff3b3ae3d771fc326c295bd9157d
      size: 472
    - path: static
      hash: md5
      md5: 16e7c010d8f5c1a4289441553cf423ff.dir
      size: 64046
      nfiles: 1
  train_mlp_sps_from_scratch:
    cmd: PYTHONPATH=. python ddpm.py --config configs/mlp_sps_from_scratch.json
    deps:
    - path: configs/mlp_sps_from_scratch.json
      hash: md5
      md5: 5fa4106d0b82ff0b55e83556a3cdcd15
      size: 496
    - path: static
      hash: md5
      md5: 16e7c010d8f5c1a4289441553cf423ff.dir
      size: 64046
      nfiles: 1
  train_mlp_sps_from_pretrained:
    cmd: PYTHONPATH=. python ddpm.py --config configs/mlp_sps_from_pretrained.json
    deps:
    - path: configs/mlp_sps_from_pretrained.json
      hash: md5
      md5: 3504d5de3a0b7b6611f3faa115961c49
      size: 513
    - path: exps/mlp/model.pth
      hash: md5
      md5: 899cd8a1c97d6f5661b2da4e12f90c13
      size: 399836
    - path: static
      hash: md5
      md5: 16e7c010d8f5c1a4289441553cf423ff.dir
      size: 64046
      nfiles: 1
  pd_mlp_pretrain_128:
    cmd: PYTHONPATH=. python ddpm.py --config configs/progressive_distillation/mlp_pretrain_128.json
    deps:
    - path: configs/progressive_distillation/mlp_pretrain_128.json
      hash: md5
      md5: cf8feaa82ef1f6d75a41096d84f5f528
      size: 487
    - path: static
      hash: md5
      md5: 16e7c010d8f5c1a4289441553cf423ff.dir
      size: 64046
      nfiles: 1
    outs:
    - path: exps/mlp_pretrain_128/model.pth
      hash: md5
      md5: b57c811a6a3253a2991481e39aa67981
      size: 399836
  pd_simple:
    cmd: PYTHONPATH=. python progressive_distillation.py --config configs/progressive_distillation/progressive_distillation.json
    deps:
    - path: configs/progressive_distillation/progressive_distillation.json
      hash: md5
      md5: 3e6fc8d7057cdc271c834247f722d742
      size: 682
    - path: exps/mlp_pretrain_128/model.pth
      hash: md5
      md5: b57c811a6a3253a2991481e39aa67981
      size: 399836
    - path: static
      hash: md5
      md5: 16e7c010d8f5c1a4289441553cf423ff.dir
      size: 64046
      nfiles: 1
  pd_simple_beta_correction:
    cmd: PYTHONPATH=. python progressive_distillation.py --config configs/progressive_distillation/progressive_distillation_beta_correction.json
    deps:
    - path: configs/progressive_distillation/progressive_distillation_beta_correction.json
      hash: md5
      md5: 4431b9454081ce211fbff9f9bddccb52
      size: 697
    - path: exps/mlp_pretrain_128/model.pth
      hash: md5
      md5: b57c811a6a3253a2991481e39aa67981
      size: 399836
    - path: static
      hash: md5
      md5: 16e7c010d8f5c1a4289441553cf423ff.dir
      size: 64046
      nfiles: 1
  pd_multistage:
    cmd: PYTHONPATH=. python progressive_distillation.py --config configs/progressive_distillation/progressive_distillation_multistage.json
    deps:
    - path: configs/progressive_distillation/progressive_distillation_multistage.json
      hash: md5
      md5: 3c0d2ba7668b2b210e32b3571cdba872
      size: 644
    - path: exps/mlp_pretrain_128/model.pth
      hash: md5
      md5: b57c811a6a3253a2991481e39aa67981
      size: 399836
    - path: progressive_distillation.py
      hash: md5
      md5: d531bdd4503a67d44199447e71c35911
      size: 9635
    - path: static
      hash: md5
      md5: 16e7c010d8f5c1a4289441553cf423ff.dir
      size: 64046
      nfiles: 1
